
Microsoft Visual Studio Solution File, Format Version 12.00
# Visual Studio Version 17
VisualStudioVersion = 17.5.33530.505
MinimumVisualStudioVersion = 10.0.40219.1
Project("{FAE04EC0-301F-11D3-BF4B-00C04F79EFBC}") = "Demo", "Demo\Demo.csproj", "{2D6475CD-1DDD-494A-A430-01E01E0C167D}"
EndProject
Global
	GlobalSection(SolutionConfigurationPlatforms) = preSolution
		Debug|Any CPU = Debug|Any CPU
		Release|Any CPU = Release|Any CPU
	EndGlobalSection
	GlobalSection(ProjectConfigurationPlatforms) = postSolution
		{2D6475CD-1DDD-494A-A430-01E01E0C167D}.Debug|Any CPU.ActiveCfg = Debug|Any CPU
		{2D6475CD-1DDD-494A-A430-01E01E0C167D}.Debug|Any CPU.Build.0 = Debug|Any CPU
		{2D6475CD-1DDD-494A-A430-01E01E0C167D}.Release|Any CPU.ActiveCfg = Release|Any CPU
		{2D6475CD-1DDD-494A-A430-01E01E0C167D}.Release|Any CPU.Build.0 = Release|Any CPU
	EndGlobalSection
	GlobalSection(SolutionProperties) = preSolution
		HideSolutionNode = FALSE
	EndGlobalSection
	GlobalSection(ExtensibilityGlobals) = postSolution
		SolutionGuid = {558DBD36-1A9E-43F4-96E4-0A25D1BEB3D7}
	EndGlobalSection
EndGlobal
